// !$*UTF8*$!
{
	archiveVersion = 1;
	classes = {
	};
	objectVersion = 50;
	objects = {

/* Begin PBXBuildFile section */
		C6C526F12235BFCC00F00A28 /* Jumpshot.swift in Sources */ = {isa = PBXBuildFile; fileRef = C6C526F02235BFCC00F00A28 /* Jumpshot.swift */; };
		C6C526F32235C81F00F00A28 /* PressureShots.swift in Sources */ = {isa = PBXBuildFile; fileRef = C6C526F22235C81F00F00A28 /* PressureShots.swift */; };
		C6C526F522398DA600F00A28 /* video1.mp4 in Resources */ = {isa = PBXBuildFile; fileRef = C6C526F422398DA600F00A28 /* video1.mp4 */; };
		C6C526F72239933400F00A28 /* logo.png in Resources */ = {isa = PBXBuildFile; fileRef = C6C526F62239933400F00A28 /* logo.png */; };
		C6C526FB2239960A00F00A28 /* TryPressureShotsController.swift in Sources */ = {isa = PBXBuildFile; fileRef = C6C526FA2239960A00F00A28 /* TryPressureShotsController.swift */; };
		C6C526FF2239A6E000F00A28 /* Corner3Controller.swift in Sources */ = {isa = PBXBuildFile; fileRef = C6C526FE2239A6E000F00A28 /* Corner3Controller.swift */; };
		C6C527012239A98700F00A28 /* video2.mp4 in Resources */ = {isa = PBXBuildFile; fileRef = C6C527002239A98700F00A28 /* video2.mp4 */; };
		C6C527052239B37900F00A28 /* PullUpJumpShotsController.swift in Sources */ = {isa = PBXBuildFile; fileRef = C6C527042239B37900F00A28 /* PullUpJumpShotsController.swift */; };
		C6C527072239B40000F00A28 /* video3.mp4 in Resources */ = {isa = PBXBuildFile; fileRef = C6C527062239B40000F00A28 /* video3.mp4 */; };
		C6F1D418221439FD0060CE26 /* AppDelegate.swift in Sources */ = {isa = PBXBuildFile; fileRef = C6F1D417221439FD0060CE26 /* AppDelegate.swift */; };
		C6F1D41A221439FD0060CE26 /* MainMenu.swift in Sources */ = {isa = PBXBuildFile; fileRef = C6F1D419221439FD0060CE26 /* MainMenu.swift */; };
		C6F1D41C221439FD0060CE26 /* Drills.swift in Sources */ = {isa = PBXBuildFile; fileRef = C6F1D41B221439FD0060CE26 /* Drills.swift */; };
		C6F1D41F221439FD0060CE26 /* Main.storyboard in Resources */ = {isa = PBXBuildFile; fileRef = C6F1D41D221439FD0060CE26 /* Main.storyboard */; };
		C6F1D421221439FE0060CE26 /* Assets.xcassets in Resources */ = {isa = PBXBuildFile; fileRef = C6F1D420221439FE0060CE26 /* Assets.xcassets */; };
		C6F1D424221439FE0060CE26 /* LaunchScreen.storyboard in Resources */ = {isa = PBXBuildFile; fileRef = C6F1D422221439FE0060CE26 /* LaunchScreen.storyboard */; };
		C6F1D42F221439FE0060CE26 /* ShotProdigyTests.swift in Sources */ = {isa = PBXBuildFile; fileRef = C6F1D42E221439FE0060CE26 /* ShotProdigyTests.swift */; };
		C6F1D43A221439FE0060CE26 /* ShotProdigyUITests.swift in Sources */ = {isa = PBXBuildFile; fileRef = C6F1D439221439FE0060CE26 /* ShotProdigyUITests.swift */; };
		C6F1D44A22143CC00060CE26 /* Social.swift in Sources */ = {isa = PBXBuildFile; fileRef = C6F1D44922143CC00060CE26 /* Social.swift */; };
		C6F1D44C22143DAF0060CE26 /* Account.swift in Sources */ = {isa = PBXBuildFile; fileRef = C6F1D44B22143DAF0060CE26 /* Account.swift */; };
/* End PBXBuildFile section */

/* Begin PBXContainerItemProxy section */
		C6F1D42B221439FE0060CE26 /* PBXContainerItemProxy */ = {
			isa = PBXContainerItemProxy;
			containerPortal = C6F1D40C221439FD0060CE26 /* Project object */;
			proxyType = 1;
			remoteGlobalIDString = C6F1D413221439FD0060CE26;
			remoteInfo = ShotProdigy;
		};
		C6F1D436221439FE0060CE26 /* PBXContainerItemProxy */ = {
			isa = PBXContainerItemProxy;
			containerPortal = C6F1D40C221439FD0060CE26 /* Project object */;
			proxyType = 1;
			remoteGlobalIDString = C6F1D413221439FD0060CE26;
			remoteInfo = ShotProdigy;
		};
/* End PBXContainerItemProxy section */

/* Begin PBXFileReference section */
		C6C526F02235BFCC00F00A28 /* Jumpshot.swift */ = {isa = PBXFileReference; lastKnownFileType = sourcecode.swift; path = Jumpshot.swift; sourceTree = "<group>"; };
		C6C526F22235C81F00F00A28 /* PressureShots.swift */ = {isa = PBXFileReference; lastKnownFileType = sourcecode.swift; path = PressureShots.swift; sourceTree = "<group>"; };
		C6C526F422398DA600F00A28 /* video1.mp4 */ = {isa = PBXFileReference; lastKnownFileType = file; path = video1.mp4; sourceTree = "<group>"; };
		C6C526F62239933400F00A28 /* logo.png */ = {isa = PBXFileReference; lastKnownFileType = image.png; path = logo.png; sourceTree = "<group>"; };
		C6C526FA2239960A00F00A28 /* TryPressureShotsController.swift */ = {isa = PBXFileReference; lastKnownFileType = sourcecode.swift; path = TryPressureShotsController.swift; sourceTree = "<group>"; };
		C6C526FE2239A6E000F00A28 /* Corner3Controller.swift */ = {isa = PBXFileReference; lastKnownFileType = sourcecode.swift; path = Corner3Controller.swift; sourceTree = "<group>"; };
		C6C527002239A98700F00A28 /* video2.mp4 */ = {isa = PBXFileReference; lastKnownFileType = file; path = video2.mp4; sourceTree = "<group>"; };
		C6C527042239B37900F00A28 /* PullUpJumpShotsController.swift */ = {isa = PBXFileReference; lastKnownFileType = sourcecode.swift; path = PullUpJumpShotsController.swift; sourceTree = "<group>"; };
		C6C527062239B40000F00A28 /* video3.mp4 */ = {isa = PBXFileReference; lastKnownFileType = file; path = video3.mp4; sourceTree = "<group>"; };
		C6F1D414221439FD0060CE26 /* ShotProdigy.app */ = {isa = PBXFileReference; explicitFileType = wrapper.application; includeInIndex = 0; path = ShotProdigy.app; sourceTree = BUILT_PRODUCTS_DIR; };
		C6F1D417221439FD0060CE26 /* AppDelegate.swift */ = {isa = PBXFileReference; lastKnownFileType = sourcecode.swift; path = AppDelegate.swift; sourceTree = "<group>"; };
		C6F1D419221439FD0060CE26 /* MainMenu.swift */ = {isa = PBXFileReference; lastKnownFileType = sourcecode.swift; path = MainMenu.swift; sourceTree = "<group>"; };
		C6F1D41B221439FD0060CE26 /* Drills.swift */ = {isa = PBXFileReference; lastKnownFileType = sourcecode.swift; path = Drills.swift; sourceTree = "<group>"; };
		C6F1D41E221439FD0060CE26 /* Base */ = {isa = PBXFileReference; lastKnownFileType = file.storyboard; name = Base; path = Base.lproj/Main.storyboard; sourceTree = "<group>"; };
		C6F1D420221439FE0060CE26 /* Assets.xcassets */ = {isa = PBXFileReference; lastKnownFileType = folder.assetcatalog; path = Assets.xcassets; sourceTree = "<group>"; };
		C6F1D423221439FE0060CE26 /* Base */ = {isa = PBXFileReference; lastKnownFileType = file.storyboard; name = Base; path = Base.lproj/LaunchScreen.storyboard; sourceTree = "<group>"; };
		C6F1D425221439FE0060CE26 /* Info.plist */ = {isa = PBXFileReference; lastKnownFileType = text.plist.xml; path = Info.plist; sourceTree = "<group>"; };
		C6F1D42A221439FE0060CE26 /* ShotProdigyTests.xctest */ = {isa = PBXFileReference; explicitFileType = wrapper.cfbundle; includeInIndex = 0; path = ShotProdigyTests.xctest; sourceTree = BUILT_PRODUCTS_DIR; };
		C6F1D42E221439FE0060CE26 /* ShotProdigyTests.swift */ = {isa = PBXFileReference; lastKnownFileType = sourcecode.swift; path = ShotProdigyTests.swift; sourceTree = "<group>"; };
		C6F1D430221439FE0060CE26 /* Info.plist */ = {isa = PBXFileReference; lastKnownFileType = text.plist.xml; path = Info.plist; sourceTree = "<group>"; };
		C6F1D435221439FE0060CE26 /* ShotProdigyUITests.xctest */ = {isa = PBXFileReference; explicitFileType = wrapper.cfbundle; includeInIndex = 0; path = ShotProdigyUITests.xctest; sourceTree = BUILT_PRODUCTS_DIR; };
		C6F1D439221439FE0060CE26 /* ShotProdigyUITests.swift */ = {isa = PBXFileReference; lastKnownFileType = sourcecode.swift; path = ShotProdigyUITests.swift; sourceTree = "<group>"; };
		C6F1D43B221439FE0060CE26 /* Info.plist */ = {isa = PBXFileReference; lastKnownFileType = text.plist.xml; path = Info.plist; sourceTree = "<group>"; };
		C6F1D44922143CC00060CE26 /* Social.swift */ = {isa = PBXFileReference; lastKnownFileType = sourcecode.swift; path = Social.swift; sourceTree = "<group>"; };
		C6F1D44B22143DAF0060CE26 /* Account.swift */ = {isa = PBXFileReference; lastKnownFileType = sourcecode.swift; path = Account.swift; sourceTree = "<group>"; };
/* End PBXFileReference section */

/* Begin PBXFrameworksBuildPhase section */
		C6F1D411221439FD0060CE26 /* Frameworks */ = {
			isa = PBXFrameworksBuildPhase;
			buildActionMask = 2147483647;
			files = (
			);
			runOnlyForDeploymentPostprocessing = 0;
		};
		C6F1D427221439FE0060CE26 /* Frameworks */ = {
			isa = PBXFrameworksBuildPhase;
			buildActionMask = 2147483647;
			files = (
			);
			runOnlyForDeploymentPostprocessing = 0;
		};
		C6F1D432221439FE0060CE26 /* Frameworks */ = {
			isa = PBXFrameworksBuildPhase;
			buildActionMask = 2147483647;
			files = (
			);
			runOnlyForDeploymentPostprocessing = 0;
		};
/* End PBXFrameworksBuildPhase section */

/* Begin PBXGroup section */
		C6F1D40B221439FD0060CE26 = {
			isa = PBXGroup;
			children = (
				C6F1D416221439FD0060CE26 /* ShotProdigy */,
				C6F1D42D221439FE0060CE26 /* ShotProdigyTests */,
				C6F1D438221439FE0060CE26 /* ShotProdigyUITests */,
				C6F1D415221439FD0060CE26 /* Products */,
			);
			sourceTree = "<group>";
		};
		C6F1D415221439FD0060CE26 /* Products */ = {
			isa = PBXGroup;
			children = (
				C6F1D414221439FD0060CE26 /* ShotProdigy.app */,
				C6F1D42A221439FE0060CE26 /* ShotProdigyTests.xctest */,
				C6F1D435221439FE0060CE26 /* ShotProdigyUITests.xctest */,
			);
			name = Products;
			sourceTree = "<group>";
		};
		C6F1D416221439FD0060CE26 /* ShotProdigy */ = {
			isa = PBXGroup;
			children = (
				C6C526F62239933400F00A28 /* logo.png */,
				C6C527062239B40000F00A28 /* video3.mp4 */,
				C6C527002239A98700F00A28 /* video2.mp4 */,
				C6C526F422398DA600F00A28 /* video1.mp4 */,
				C6F1D417221439FD0060CE26 /* AppDelegate.swift */,
				C6F1D419221439FD0060CE26 /* MainMenu.swift */,
				C6C526FA2239960A00F00A28 /* TryPressureShotsController.swift */,
				C6C527042239B37900F00A28 /* PullUpJumpShotsController.swift */,
				C6C526F22235C81F00F00A28 /* PressureShots.swift */,
				C6F1D41B221439FD0060CE26 /* Drills.swift */,
				C6C526F02235BFCC00F00A28 /* Jumpshot.swift */,
				C6F1D41D221439FD0060CE26 /* Main.storyboard */,
				C6C526FE2239A6E000F00A28 /* Corner3Controller.swift */,
				C6F1D44922143CC00060CE26 /* Social.swift */,
				C6F1D44B22143DAF0060CE26 /* Account.swift */,
				C6F1D420221439FE0060CE26 /* Assets.xcassets */,
				C6F1D422221439FE0060CE26 /* LaunchScreen.storyboard */,
				C6F1D425221439FE0060CE26 /* Info.plist */,
			);
			path = ShotProdigy;
			sourceTree = "<group>";
		};
		C6F1D42D221439FE0060CE26 /* ShotProdigyTests */ = {
			isa = PBXGroup;
			children = (
				C6F1D42E221439FE0060CE26 /* ShotProdigyTests.swift */,
				C6F1D430221439FE0060CE26 /* Info.plist */,
			);
			path = ShotProdigyTests;
			sourceTree = "<group>";
		};
		C6F1D438221439FE0060CE26 /* ShotProdigyUITests */ = {
			isa = PBXGroup;
			children = (
				C6F1D439221439FE0060CE26 /* ShotProdigyUITests.swift */,
				C6F1D43B221439FE0060CE26 /* Info.plist */,
			);
			path = ShotProdigyUITests;
			sourceTree = "<group>";
		};
/* End PBXGroup section */

/* Begin PBXNativeTarget section */
		C6F1D413221439FD0060CE26 /* ShotProdigy */ = {
			isa = PBXNativeTarget;
			buildConfigurationList = C6F1D43E221439FE0060CE26 /* Build configuration list for PBXNativeTarget "ShotProdigy" */;
			buildPhases = (
				C6F1D410221439FD0060CE26 /* Sources */,
				C6F1D411221439FD0060CE26 /* Frameworks */,
				C6F1D412221439FD0060CE26 /* Resources */,
			);
			buildRules = (
			);
			dependencies = (
			);
			name = ShotProdigy;
			productName = ShotProdigy;
			productReference = C6F1D414221439FD0060CE26 /* ShotProdigy.app */;
			productType = "com.apple.product-type.application";
		};
		C6F1D429221439FE0060CE26 /* ShotProdigyTests */ = {
			isa = PBXNativeTarget;
			buildConfigurationList = C6F1D441221439FE0060CE26 /* Build configuration list for PBXNativeTarget "ShotProdigyTests" */;
			buildPhases = (
				C6F1D426221439FE0060CE26 /* Sources */,
				C6F1D427221439FE0060CE26 /* Frameworks */,
				C6F1D428221439FE0060CE26 /* Resources */,
			);
			buildRules = (
			);
			dependencies = (
				C6F1D42C221439FE0060CE26 /* PBXTargetDependency */,
			);
			name = ShotProdigyTests;
			productName = ShotProdigyTests;
			productReference = C6F1D42A221439FE0060CE26 /* ShotProdigyTests.xctest */;
			productType = "com.apple.product-type.bundle.unit-test";
		};
		C6F1D434221439FE0060CE26 /* ShotProdigyUITests */ = {
			isa = PBXNativeTarget;
			buildConfigurationList = C6F1D444221439FE0060CE26 /* Build configuration list for PBXNativeTarget "ShotProdigyUITests" */;
			buildPhases = (
				C6F1D431221439FE0060CE26 /* Sources */,
				C6F1D432221439FE0060CE26 /* Frameworks */,
				C6F1D433221439FE0060CE26 /* Resources */,
			);
			buildRules = (
			);
			dependencies = (
				C6F1D437221439FE0060CE26 /* PBXTargetDependency */,
			);
			name = ShotProdigyUITests;
			productName = ShotProdigyUITests;
			productReference = C6F1D435221439FE0060CE26 /* ShotProdigyUITests.xctest */;
			productType = "com.apple.product-type.bundle.ui-testing";
		};
/* End PBXNativeTarget section */

/* Begin PBXProject section */
		C6F1D40C221439FD0060CE26 /* Project object */ = {
			isa = PBXProject;
			attributes = {
				LastSwiftUpdateCheck = 1010;
				LastUpgradeCheck = 1010;
				ORGANIZATIONNAME = "Julius Mapag";
				TargetAttributes = {
					C6F1D413221439FD0060CE26 = {
						CreatedOnToolsVersion = 10.1;
					};
					C6F1D429221439FE0060CE26 = {
						CreatedOnToolsVersion = 10.1;
						TestTargetID = C6F1D413221439FD0060CE26;
					};
					C6F1D434221439FE0060CE26 = {
						CreatedOnToolsVersion = 10.1;
						TestTargetID = C6F1D413221439FD0060CE26;
					};
				};
			};
			buildConfigurationList = C6F1D40F221439FD0060CE26 /* Build configuration list for PBXProject "ShotProdigy" */;
			compatibilityVersion = "Xcode 9.3";
			developmentRegion = en;
			hasScannedForEncodings = 0;
			knownRegions = (
				en,
				Base,
			);
			mainGroup = C6F1D40B221439FD0060CE26;
			productRefGroup = C6F1D415221439FD0060CE26 /* Products */;
			projectDirPath = "";
			projectRoot = "";
			targets = (
				C6F1D413221439FD0060CE26 /* ShotProdigy */,
				C6F1D429221439FE0060CE26 /* ShotProdigyTests */,
				C6F1D434221439FE0060CE26 /* ShotProdigyUITests */,
			);
		};
/* End PBXProject section */

/* Begin PBXResourcesBuildPhase section */
		C6F1D412221439FD0060CE26 /* Resources */ = {
			isa = PBXResourcesBuildPhase;
			buildActionMask = 2147483647;
			files = (
				C6F1D424221439FE0060CE26 /* LaunchScreen.storyboard in Resources */,
				C6C526F72239933400F00A28 /* logo.png in Resources */,
				C6C527012239A98700F00A28 /* video2.mp4 in Resources */,
				C6C526F522398DA600F00A28 /* video1.mp4 in Resources */,
				C6F1D421221439FE0060CE26 /* Assets.xcassets in Resources */,
				C6F1D41F221439FD0060CE26 /* Main.storyboard in Resources */,
				C6C527072239B40000F00A28 /* video3.mp4 in Resources */,
			);
			runOnlyForDeploymentPostprocessing = 0;
		};
		C6F1D428221439FE0060CE26 /* Resources */ = {
			isa = PBXResourcesBuildPhase;
			buildActionMask = 2147483647;
			files = (
			);
			runOnlyForDeploymentPostprocessing = 0;
		};
		C6F1D433221439FE0060CE26 /* Resources */ = {
			isa = PBXResourcesBuildPhase;
			buildActionMask = 2147483647;
			files = (
			);
			runOnlyForDeploymentPostprocessing = 0;
		};
/* End PBXResourcesBuildPhase section */

/* Begin PBXSourcesBuildPhase section */
		C6F1D410221439FD0060CE26 /* Sources */ = {
			isa = PBXSourcesBuildPhase;
			buildActionMask = 2147483647;
			files = (
				C6C526FB2239960A00F00A28 /* TryPressureShotsController.swift in Sources */,
				C6F1D41C221439FD0060CE26 /* Drills.swift in Sources */,
				C6C526F12235BFCC00F00A28 /* Jumpshot.swift in Sources */,
				C6C526F32235C81F00F00A28 /* PressureShots.swift in Sources */,
				C6F1D418221439FD0060CE26 /* AppDelegate.swift in Sources */,
				C6F1D44A22143CC00060CE26 /* Social.swift in Sources */,
				C6F1D41A221439FD0060CE26 /* MainMenu.swift in Sources */,
				C6C527052239B37900F00A28 /* PullUpJumpShotsController.swift in Sources */,
				C6C526FF2239A6E000F00A28 /* Corner3Controller.swift in Sources */,
				C6F1D44C22143DAF0060CE26 /* Account.swift in Sources */,
			);
			runOnlyForDeploymentPostprocessing = 0;
		};
		C6F1D426221439FE0060CE26 /* Sources */ = {
			isa = PBXSourcesBuildPhase;
			buildActionMask = 2147483647;
			files = (
				C6F1D42F221439FE0060CE26 /* ShotProdigyTests.swift in Sources */,
			);
			runOnlyForDeploymentPostprocessing = 0;
		};
		C6F1D431221439FE0060CE26 /* Sources */ = {
			isa = PBXSourcesBuildPhase;
			buildActionMask = 2147483647;
			files = (
				C6F1D43A221439FE0060CE26 /* ShotProdigyUITests.swift in Sources */,
			);
			runOnlyForDeploymentPostprocessing = 0;
		};
/* End PBXSourcesBuildPhase section */

/* Begin PBXTargetDependency section */
		C6F1D42C221439FE0060CE26 /* PBXTargetDependency */ = {
			isa = PBXTargetDependency;
			target = C6F1D413221439FD0060CE26 /* ShotProdigy */;
			targetProxy = C6F1D42B221439FE0060CE26 /* PBXContainerItemProxy */;
		};
		C6F1D437221439FE0060CE26 /* PBXTargetDependency */ = {
			isa = PBXTargetDependency;
			target = C6F1D413221439FD0060CE26 /* ShotProdigy */;
			targetProxy = C6F1D436221439FE0060CE26 /* PBXContainerItemProxy */;
		};
/* End PBXTargetDependency section */

/* Begin PBXVariantGroup section */
		C6F1D41D221439FD0060CE26 /* Main.storyboard */ = {
			isa = PBXVariantGroup;
			children = (
				C6F1D41E221439FD0060CE26 /* Base */,
			);
			name = Main.storyboard;
			sourceTree = "<group>";
		};
		C6F1D422221439FE0060CE26 /* LaunchScreen.storyboard */ = {
			isa = PBXVariantGroup;
			children = (
				C6F1D423221439FE0060CE26 /* Base */,
			);
			name = LaunchScreen.storyboard;
			sourceTree = "<group>";
		};
/* End PBXVariantGroup section */

/* Begin XCBuildConfiguration section */
		C6F1D43C221439FE0060CE26 /* Debug */ = {
			isa = XCBuildConfiguration;
			buildSettings = {
				ALWAYS_SEARCH_USER_PATHS = NO;
				CLANG_ANALYZER_NONNULL = YES;
				CLANG_ANALYZER_NUMBER_OBJECT_CONVERSION = YES_AGGRESSIVE;
				CLANG_CXX_LANGUAGE_STANDARD = "gnu++14";
				CLANG_CXX_LIBRARY = "libc++";
				CLANG_ENABLE_MODULES = YES;
				CLANG_ENABLE_OBJC_ARC = YES;
				CLANG_ENABLE_OBJC_WEAK = YES;
				CLANG_WARN_BLOCK_CAPTURE_AUTORELEASING = YES;
				CLANG_WARN_BOOL_CONVERSION = YES;
				CLANG_WARN_COMMA = YES;
				CLANG_WARN_CONSTANT_CONVERSION = YES;
				CLANG_WARN_DEPRECATED_OBJC_IMPLEMENTATIONS = YES;
				CLANG_WARN_DIRECT_OBJC_ISA_USAGE = YES_ERROR;
				CLANG_WARN_DOCUMENTATION_COMMENTS = YES;
				CLANG_WARN_EMPTY_BODY = YES;
				CLANG_WARN_ENUM_CONVERSION = YES;
				CLANG_WARN_INFINITE_RECURSION = YES;
				CLANG_WARN_INT_CONVERSION = YES;
				CLANG_WARN_NON_LITERAL_NULL_CONVERSION = YES;
				CLANG_WARN_OBJC_IMPLICIT_RETAIN_SELF = YES;
				CLANG_WARN_OBJC_LITERAL_CONVERSION = YES;
				CLANG_WARN_OBJC_ROOT_CLASS = YES_ERROR;
				CLANG_WARN_RANGE_LOOP_ANALYSIS = YES;
				CLANG_WARN_STRICT_PROTOTYPES = YES;
				CLANG_WARN_SUSPICIOUS_MOVE = YES;
				CLANG_WARN_UNGUARDED_AVAILABILITY = YES_AGGRESSIVE;
				CLANG_WARN_UNREACHABLE_CODE = YES;
				CLANG_WARN__DUPLICATE_METHOD_MATCH = YES;
				CODE_SIGN_IDENTITY = "iPhone Developer";
				COPY_PHASE_STRIP = NO;
				DEBUG_INFORMATION_FORMAT = dwarf;
				ENABLE_STRICT_OBJC_MSGSEND = YES;
				ENABLE_TESTABILITY = YES;
				GCC_C_LANGUAGE_STANDARD = gnu11;
				GCC_DYNAMIC_NO_PIC = NO;
				GCC_NO_COMMON_BLOCKS = YES;
				GCC_OPTIMIZATION_LEVEL = 0;
				GCC_PREPROCESSOR_DEFINITIONS = (
					"DEBUG=1",
					"$(inherited)",
				);
				GCC_WARN_64_TO_32_BIT_CONVERSION = YES;
				GCC_WARN_ABOUT_RETURN_TYPE = YES_ERROR;
				GCC_WARN_UNDECLARED_SELECTOR = YES;
				GCC_WARN_UNINITIALIZED_AUTOS = YES_AGGRESSIVE;
				GCC_WARN_UNUSED_FUNCTION = YES;
				GCC_WARN_UNUSED_VARIABLE = YES;
				IPHONEOS_DEPLOYMENT_TARGET = 12.1;
				MTL_ENABLE_DEBUG_INFO = INCLUDE_SOURCE;
				MTL_FAST_MATH = YES;
				ONLY_ACTIVE_ARCH = YES;
				SDKROOT = iphoneos;
				SWIFT_ACTIVE_COMPILATION_CONDITIONS = DEBUG;
				SWIFT_OPTIMIZATION_LEVEL = "-Onone";
			};
			name = Debug;
		};
		C6F1D43D221439FE0060CE26 /* Release */ = {
			isa = XCBuildConfiguration;
			buildSettings = {
				ALWAYS_SEARCH_USER_PATHS = NO;
				CLANG_ANALYZER_NONNULL = YES;
				CLANG_ANALYZER_NUMBER_OBJECT_CONVERSION = YES_AGGRESSIVE;
				CLANG_CXX_LANGUAGE_STANDARD = "gnu++14";
				CLANG_CXX_LIBRARY = "libc++";
				CLANG_ENABLE_MODULES = YES;
				CLANG_ENABLE_OBJC_ARC = YES;
				CLANG_ENABLE_OBJC_WEAK = YES;
				CLANG_WARN_BLOCK_CAPTURE_AUTORELEASING = YES;
				CLANG_WARN_BOOL_CONVERSION = YES;
				CLANG_WARN_COMMA = YES;
				CLANG_WARN_CONSTANT_CONVERSION = YES;
				CLANG_WARN_DEPRECATED_OBJC_IMPLEMENTATIONS = YES;
				CLANG_WARN_DIRECT_OBJC_ISA_USAGE = YES_ERROR;
				CLANG_WARN_DOCUMENTATION_COMMENTS = YES;
				CLANG_WARN_EMPTY_BODY = YES;
				CLANG_WARN_ENUM_CONVERSION = YES;
				CLANG_WARN_INFINITE_RECURSION = YES;
				CLANG_WARN_INT_CONVERSION = YES;
				CLANG_WARN_NON_LITERAL_NULL_CONVERSION = YES;
				CLANG_WARN_OBJC_IMPLICIT_RETAIN_SELF = YES;
				CLANG_WARN_OBJC_LITERAL_CONVERSION = YES;
				CLANG_WARN_OBJC_ROOT_CLASS = YES_ERROR;
				CLANG_WARN_RANGE_LOOP_ANALYSIS = YES;
				CLANG_WARN_STRICT_PROTOTYPES = YES;
				CLANG_WARN_SUSPICIOUS_MOVE = YES;
				CLANG_WARN_UNGUARDED_AVAILABILITY = YES_AGGRESSIVE;
				CLANG_WARN_UNREACHABLE_CODE = YES;
				CLANG_WARN__DUPLICATE_METHOD_MATCH = YES;
				CODE_SIGN_IDENTITY = "iPhone Developer";
				COPY_PHASE_STRIP = NO;
				DEBUG_INFORMATION_FORMAT = "dwarf-with-dsym";
				ENABLE_NS_ASSERTIONS = NO;
				ENABLE_STRICT_OBJC_MSGSEND = YES;
				GCC_C_LANGUAGE_STANDARD = gnu11;
				GCC_NO_COMMON_BLOCKS = YES;
				GCC_WARN_64_TO_32_BIT_CONVERSION = YES;
				GCC_WARN_ABOUT_RETURN_TYPE = YES_ERROR;
				GCC_WARN_UNDECLARED_SELECTOR = YES;
				GCC_WARN_UNINITIALIZED_AUTOS = YES_AGGRESSIVE;
				GCC_WARN_UNUSED_FUNCTION = YES;
				GCC_WARN_UNUSED_VARIABLE = YES;
				IPHONEOS_DEPLOYMENT_TARGET = 12.1;
				MTL_ENABLE_DEBUG_INFO = NO;
				MTL_FAST_MATH = YES;
				SDKROOT = iphoneos;
				SWIFT_COMPILATION_MODE = wholemodule;
				SWIFT_OPTIMIZATION_LEVEL = "-O";
				VALIDATE_PRODUCT = YES;
			};
			name = Release;
		};
		C6F1D43F221439FE0060CE26 /* Debug */ = {
			isa = XCBuildConfiguration;
			buildSettings = {
				ASSETCATALOG_COMPILER_APPICON_NAME = AppIcon;
				CODE_SIGN_STYLE = Automatic;
				INFOPLIST_FILE = ShotProdigy/Info.plist;
				LD_RUNPATH_SEARCH_PATHS = (
					"$(inherited)",
					"@executable_path/Frameworks",
				);
				PRODUCT_BUNDLE_IDENTIFIER = BarradeStudio.ShotProdigy;
				PRODUCT_NAME = "$(TARGET_NAME)";
				SWIFT_VERSION = 4.2;
				TARGETED_DEVICE_FAMILY = "1,2";
			};
			name = Debug;
		};
		C6F1D440221439FE0060CE26 /* Release */ = {
			isa = XCBuildConfiguration;
			buildSettings = {
				ASSETCATALOG_COMPILER_APPICON_NAME = AppIcon;
				CODE_SIGN_STYLE = Automatic;
				INFOPLIST_FILE = ShotProdigy/Info.plist;
				LD_RUNPATH_SEARCH_PATHS = (
					"$(inherited)",
					"@executable_path/Frameworks",
				);
				PRODUCT_BUNDLE_IDENTIFIER = BarradeStudio.ShotProdigy;
				PRODUCT_NAME = "$(TARGET_NAME)";
				SWIFT_VERSION = 4.2;
				TARGETED_DEVICE_FAMILY = "1,2";
			};
			name = Release;
		};
		C6F1D442221439FE0060CE26 /* Debug */ = {
			isa = XCBuildConfiguration;
			buildSettings = {
				ALWAYS_EMBED_SWIFT_STANDARD_LIBRARIES = YES;
				BUNDLE_LOADER = "$(TEST_HOST)";
				CODE_SIGN_STYLE = Automatic;
				INFOPLIST_FILE = ShotProdigyTests/Info.plist;
				LD_RUNPATH_SEARCH_PATHS = (
					"$(inherited)",
					"@executable_path/Frameworks",
					"@loader_path/Frameworks",
				);
				PRODUCT_BUNDLE_IDENTIFIER = BarradeStudio.ShotProdigyTests;
				PRODUCT_NAME = "$(TARGET_NAME)";
				SWIFT_VERSION = 4.2;
				TARGETED_DEVICE_FAMILY = "1,2";
				TEST_HOST = "$(BUILT_PRODUCTS_DIR)/ShotProdigy.app/ShotProdigy";
			};
			name = Debug;
		};
		C6F1D443221439FE0060CE26 /* Release */ = {
			isa = XCBuildConfiguration;
			buildSettings = {
				ALWAYS_EMBED_SWIFT_STANDARD_LIBRARIES = YES;
				BUNDLE_LOADER = "$(TEST_HOST)";
				CODE_SIGN_STYLE = Automatic;
				INFOPLIST_FILE = ShotProdigyTests/Info.plist;
				LD_RUNPATH_SEARCH_PATHS = (
					"$(inherited)",
					"@executable_path/Frameworks",
					"@loader_path/Frameworks",
				);
				PRODUCT_BUNDLE_IDENTIFIER = BarradeStudio.ShotProdigyTests;
				PRODUCT_NAME = "$(TARGET_NAME)";
				SWIFT_VERSION = 4.2;
				TARGETED_DEVICE_FAMILY = "1,2";
				TEST_HOST = "$(BUILT_PRODUCTS_DIR)/ShotProdigy.app/ShotProdigy";
			};
			name = Release;
		};
		C6F1D445221439FE0060CE26 /* Debug */ = {
			isa = XCBuildConfiguration;
			buildSettings = {
				ALWAYS_EMBED_SWIFT_STANDARD_LIBRARIES = YES;
				CODE_SIGN_STYLE = Automatic;
				INFOPLIST_FILE = ShotProdigyUITests/Info.plist;
				LD_RUNPATH_SEARCH_PATHS = (
					"$(inherited)",
					"@executable_path/Frameworks",
					"@loader_path/Frameworks",
				);
				PRODUCT_BUNDLE_IDENTIFIER = BarradeStudio.ShotProdigyUITests;
				PRODUCT_NAME = "$(TARGET_NAME)";
				SWIFT_VERSION = 4.2;
				TARGETED_DEVICE_FAMILY = "1,2";
				TEST_TARGET_NAME = ShotProdigy;
			};
			name = Debug;
		};
		C6F1D446221439FE0060CE26 /* Release */ = {
			isa = XCBuildConfiguration;
			buildSettings = {
				ALWAYS_EMBED_SWIFT_STANDARD_LIBRARIES = YES;
				CODE_SIGN_STYLE = Automatic;
				INFOPLIST_FILE = ShotProdigyUITests/Info.plist;
				LD_RUNPATH_SEARCH_PATHS = (
					"$(inherited)",
					"@executable_path/Frameworks",
					"@loader_path/Frameworks",
				);
				PRODUCT_BUNDLE_IDENTIFIER = BarradeStudio.ShotProdigyUITests;
				PRODUCT_NAME = "$(TARGET_NAME)";
				SWIFT_VERSION = 4.2;
				TARGETED_DEVICE_FAMILY = "1,2";
				TEST_TARGET_NAME = ShotProdigy;
			};
			name = Release;
		};
/* End XCBuildConfiguration section */

/* Begin XCConfigurationList section */
		C6F1D40F221439FD0060CE26 /* Build configuration list for PBXProject "ShotProdigy" */ = {
			isa = XCConfigurationList;
			buildConfigurations = (
				C6F1D43C221439FE0060CE26 /* Debug */,
				C6F1D43D221439FE0060CE26 /* Release */,
			);
			defaultConfigurationIsVisible = 0;
			defaultConfigurationName = Release;
		};
		C6F1D43E221439FE0060CE26 /* Build configuration list for PBXNativeTarget "ShotProdigy" */ = {
			isa = XCConfigurationList;
			buildConfigurations = (
				C6F1D43F221439FE0060CE26 /* Debug */,
				C6F1D440221439FE0060CE26 /* Release */,
			);
			defaultConfigurationIsVisible = 0;
			defaultConfigurationName = Release;
		};
		C6F1D441221439FE0060CE26 /* Build configuration list for PBXNativeTarget "ShotProdigyTests" */ = {
			isa = XCConfigurationList;
			buildConfigurations = (
				C6F1D442221439FE0060CE26 /* Debug */,
				C6F1D443221439FE0060CE26 /* Release */,
			);
			defaultConfigurationIsVisible = 0;
			defaultConfigurationName = Release;
		};
		C6F1D444221439FE0060CE26 /* Build configuration list for PBXNativeTarget "ShotProdigyUITests" */ = {
			isa = XCConfigurationList;
			buildConfigurations = (
				C6F1D445221439FE0060CE26 /* Debug */,
				C6F1D446221439FE0060CE26 /* Release */,
			);
			defaultConfigurationIsVisible = 0;
			defaultConfigurationName = Release;
		};
/* End XCConfigurationList section */
	};
	rootObject = C6F1D40C221439FD0060CE26 /* Project object */;
}
